Microsoft Visual Studio Solution File, Format Version 12.00
# Visual Studio 2012
Project("{FAE04EC0-301F-11D3-BF4B-00C04F79EFBC}") = "Untitled Ant game", "Untitled Ant game.csproj", "{B78569FF-6D6F-49D9-A550-C3773766B5B3}"
EndProject
Global
	GlobalSection(SolutionConfigurationPlatforms) = preSolution
	Debug|Any CPU = Debug|Any CPU
	ExportDebug|Any CPU = ExportDebug|Any CPU
	ExportRelease|Any CPU = ExportRelease|Any CPU
	EndGlobalSection
	GlobalSection(ProjectConfigurationPlatforms) = postSolution
		{B78569FF-6D6F-49D9-A550-C3773766B5B3}.Debug|Any CPU.ActiveCfg = Debug|Any CPU
		{B78569FF-6D6F-49D9-A550-C3773766B5B3}.Debug|Any CPU.Build.0 = Debug|Any CPU
		{B78569FF-6D6F-49D9-A550-C3773766B5B3}.ExportDebug|Any CPU.ActiveCfg = ExportDebug|Any CPU
		{B78569FF-6D6F-49D9-A550-C3773766B5B3}.ExportDebug|Any CPU.Build.0 = ExportDebug|Any CPU
		{B78569FF-6D6F-49D9-A550-C3773766B5B3}.ExportRelease|Any CPU.ActiveCfg = ExportRelease|Any CPU
		{B78569FF-6D6F-49D9-A550-C3773766B5B3}.ExportRelease|Any CPU.Build.0 = ExportRelease|Any CPU
	EndGlobalSection
EndGlobal
